
Microsoft Visual Studio Solution File, Format Version 12.00
# Visual Studio 14
VisualStudioVersion = 14.0.25123.0
MinimumVisualStudioVersion = 10.0.40219.1
Project("{FAE04EC0-301F-11D3-BF4B-00C04F79EFBC}") = "Ejercicio Evaluatorio Ej. 2 y 3", "Ejercicio Evaluatorio Ej. 2\Ejercicio Evaluatorio Ej. 2 y 3.csproj", "{DAD5B1D9-7038-4ACB-81D4-F3DD6C2E6C75}"
EndProject
Project("{FAE04EC0-301F-11D3-BF4B-00C04F79EFBC}") = "Ejercicio Evaluatorio Ej. 1", "Ejercicio Evaluatorio Ej. 1\Ejercicio Evaluatorio Ej. 1.csproj", "{7DEC2D7D-3137-4B59-8874-708C9B5636A6}"
EndProject
Global
	GlobalSection(SolutionConfigurationPlatforms) = preSolution
		Debug|Any CPU = Debug|Any CPU
		Release|Any CPU = Release|Any CPU
	EndGlobalSection
	GlobalSection(ProjectConfigurationPlatforms) = postSolution
		{DAD5B1D9-7038-4ACB-81D4-F3DD6C2E6C75}.Debug|Any CPU.ActiveCfg = Debug|Any CPU
		{DAD5B1D9-7038-4ACB-81D4-F3DD6C2E6C75}.Debug|Any CPU.Build.0 = Debug|Any CPU
		{DAD5B1D9-7038-4ACB-81D4-F3DD6C2E6C75}.Release|Any CPU.ActiveCfg = Release|Any CPU
		{DAD5B1D9-7038-4ACB-81D4-F3DD6C2E6C75}.Release|Any CPU.Build.0 = Release|Any CPU
		{7DEC2D7D-3137-4B59-8874-708C9B5636A6}.Debug|Any CPU.ActiveCfg = Debug|Any CPU
		{7DEC2D7D-3137-4B59-8874-708C9B5636A6}.Debug|Any CPU.Build.0 = Debug|Any CPU
		{7DEC2D7D-3137-4B59-8874-708C9B5636A6}.Release|Any CPU.ActiveCfg = Release|Any CPU
		{7DEC2D7D-3137-4B59-8874-708C9B5636A6}.Release|Any CPU.Build.0 = Release|Any CPU
	EndGlobalSection
	GlobalSection(SolutionProperties) = preSolution
		HideSolutionNode = FALSE
	EndGlobalSection
EndGlobal
